{
  "name": "j-elements",
  "requires": true,
  "lockfileVersion": 1,
  "dependencies": {
    "@polymer/font-roboto": {
      "version": "3.0.0-pre.19",
      "resolved": "https://registry.npmjs.org/@polymer/font-roboto/-/font-roboto-3.0.0-pre.19.tgz",
      "integrity": "sha512-brLUbgLGzBVNlmHhpDHnWdPI6KNkHmTjtX+82dvHpeuUjPsey2uH4fFofWC+m29/yxY+GH5RGv493AfRUDcokQ==",
      "dev": true
    },
    "@polymer/iron-demo-helpers": {
      "version": "3.0.0-pre.19",
      "resolved": "https://registry.npmjs.org/@polymer/iron-demo-helpers/-/iron-demo-helpers-3.0.0-pre.19.tgz",
      "integrity": "sha512-FHSqM63dVFJWxO9p1rZLWfyISTN/Qc4uCKOppFsz6ipJAu/JWFdYEoPipCl5Em3YOfhY90TFDC6Xy06kA5Lkig==",
      "dev": true,
      "requires": {
        "@polymer/font-roboto": "^3.0.0-pre.19",
        "@polymer/iron-flex-layout": "^3.0.0-pre.19",
        "@polymer/iron-location": "^3.0.0-pre.19",
        "@polymer/marked-element": "^3.0.0-pre.19",
        "@polymer/polymer": "^3.0.0",
        "@polymer/prism-element": "^3.0.0-pre.19"
      }
    },
    "@polymer/iron-flex-layout": {
      "version": "3.0.0-pre.19",
      "resolved": "https://registry.npmjs.org/@polymer/iron-flex-layout/-/iron-flex-layout-3.0.0-pre.19.tgz",
      "integrity": "sha512-EZ25vUjmZXLc0hKJj338Ec1fQwemBsfe+Zo5d6ThzJzoSq72uGlZ8deLYNiAhIw6UZZxWttXcN6c/2kZ4qV18A==",
      "dev": true,
      "requires": {
        "@polymer/polymer": "^3.0.0"
      }
    },
    "@polymer/iron-icon": {
      "version": "3.0.0-pre.19",
      "resolved": "https://registry.npmjs.org/@polymer/iron-icon/-/iron-icon-3.0.0-pre.19.tgz",
      "integrity": "sha512-bXL8xib8qoX/R91iAWp69lgwZa+S6lGPMmqIU4H6iFn2o5N9MlNppP45oyxgxm7OX6XNa7RMMTfKyQ2y9wcLoQ==",
      "dev": true,
      "requires": {
        "@polymer/iron-flex-layout": "^3.0.0-pre.19",
        "@polymer/iron-meta": "^3.0.0-pre.19",
        "@polymer/polymer": "^3.0.0"
      }
    },
    "@polymer/iron-iconset-svg": {
      "version": "3.0.0-pre.19",
      "resolved": "https://registry.npmjs.org/@polymer/iron-iconset-svg/-/iron-iconset-svg-3.0.0-pre.19.tgz",
      "integrity": "sha512-3MvRYvcbx/fkrFlGDVpPoUqX0l87EbNJT4Uaj36ZjMo/TbWtfZ8tYSaM/tWqhPnOLTjQgDNpWkVq3mEwLFIljg==",
      "dev": true,
      "requires": {
        "@polymer/iron-meta": "^3.0.0-pre.19",
        "@polymer/polymer": "^3.0.0"
      }
    },
    "@polymer/iron-location": {
      "version": "3.0.0-pre.19",
      "resolved": "https://registry.npmjs.org/@polymer/iron-location/-/iron-location-3.0.0-pre.19.tgz",
      "integrity": "sha512-VGL1TGrnSPXmbMtHo2pazY8fhg3lKLGC6pOeMdwk8fMHDurfO7atVHjlcVLKrCDB7L38rqNN+af6HRSCrHJ7/A==",
      "dev": true,
      "requires": {
        "@polymer/polymer": "^3.0.0"
      }
    },
    "@polymer/iron-meta": {
      "version": "3.0.0-pre.19",
      "resolved": "https://registry.npmjs.org/@polymer/iron-meta/-/iron-meta-3.0.0-pre.19.tgz",
      "integrity": "sha512-rZk6W37srfnB1MqlYq3sbg/mZiGSYf/xpjc7xf7uJUUvX+oe0o65o4T4b1BwthVE6uqffO43p2MjFt2kDXDrjA==",
      "dev": true,
      "requires": {
        "@polymer/polymer": "^3.0.0"
      }
    },
    "@polymer/marked-element": {
      "version": "3.0.0-pre.19",
      "resolved": "https://registry.npmjs.org/@polymer/marked-element/-/marked-element-3.0.0-pre.19.tgz",
      "integrity": "sha512-8MBsM7vXVTvu6rQ7LaGy2Ti1d9su1jYcCLl1XUl7Xd/pcdXlpPvlZflT03Wp9QiCJt76igdl6n4DIkPLhSmvzw==",
      "dev": true,
      "requires": {
        "@polymer/polymer": "^3.0.0",
        "marked": "~0.3.9"
      }
    },
    "@polymer/polymer": {
      "version": "3.0.2",
      "resolved": "https://registry.npmjs.org/@polymer/polymer/-/polymer-3.0.2.tgz",
      "integrity": "sha512-ow8AAjTe9ps8bantY9IvL0PT+xHf5VN3Cjahfr7gBJAc0lv3jTwGBv7pso65SHyrUJEEHeakhx6iPMl7qY4tfw==",
      "dev": true,
      "requires": {
        "@webcomponents/shadycss": "^1.2.0"
      }
    },
    "@polymer/prism-element": {
      "version": "3.0.0-pre.19",
      "resolved": "https://registry.npmjs.org/@polymer/prism-element/-/prism-element-3.0.0-pre.19.tgz",
      "integrity": "sha512-daEXazFW4sjF+HP9M1kmaRV3oVqwl28g2D6uqzd2KpSse6GFuZJx+wRlisv24zF6xg5vMRaxPCdC6jdS7psoFg==",
      "dev": true,
      "requires": {
        "@polymer/polymer": "^3.0.0",
        "prismjs": "^1.11.0"
      }
    },
    "@vaadin/vaadin-lumo-styles": {
      "version": "1.0.0-pre.6",
      "resolved": "https://registry.npmjs.org/@vaadin/vaadin-lumo-styles/-/vaadin-lumo-styles-1.0.0-pre.6.tgz",
      "integrity": "sha512-yaS2eNEPbdvJnLDHt7TOXW2kdaUcs/EW9DmsJKWLCCsVwKbyfIgNIx+tLFL//aCFWODnQFbyxxZqT48GBHEHwA==",
      "dev": true,
      "requires": {
        "@polymer/iron-icon": "^3.0.0-pre.15",
        "@polymer/iron-iconset-svg": "^3.0.0-pre.15",
        "@polymer/polymer": "^3.0.0-pre.13"
      }
    },
    "@webcomponents/shadycss": {
      "version": "1.2.1",
      "resolved": "https://registry.npmjs.org/@webcomponents/shadycss/-/shadycss-1.2.1.tgz",
      "integrity": "sha512-ZnjFb1Wf81CqMgs1dbT6JT6N4nY32bs2r5YC/5GSIb/ozJGR+UYs3ldJxtk1v5uZzPRIsAWv7wYSJcCp6ml8+A==",
      "dev": true
    },
    "@webcomponents/webcomponentsjs": {
      "version": "2.0.0",
      "resolved": "https://registry.npmjs.org/@webcomponents/webcomponentsjs/-/webcomponentsjs-2.0.0.tgz",
      "integrity": "sha512-f6izmesHd8E+rL32tftlXZmz1EAL+lLn8AUex0mJFLe39z53iTFNCqxAYsMmCA/QSGP+8X6D1it/JbuVl1jOHA==",
      "dev": true
    },
    "clipboard": {
      "version": "2.0.1",
      "resolved": "https://registry.npmjs.org/clipboard/-/clipboard-2.0.1.tgz",
      "integrity": "sha512-7yhQBmtN+uYZmfRjjVjKa0dZdWuabzpSKGtyQZN+9C8xlC788SSJjOHWh7tzurfwTqTD5UDYAhIv5fRJg3sHjQ==",
      "dev": true,
      "optional": true,
      "requires": {
        "good-listener": "^1.2.2",
        "select": "^1.1.2",
        "tiny-emitter": "^2.0.0"
      }
    },
    "delegate": {
      "version": "3.2.0",
      "resolved": "https://registry.npmjs.org/delegate/-/delegate-3.2.0.tgz",
      "integrity": "sha512-IofjkYBZaZivn0V8nnsMJGBr4jVLxHDheKSW88PyxS5QC4Vo9ZbZVvhzlSxY87fVq3STR6r+4cGepyHkcWOQSw==",
      "dev": true,
      "optional": true
    },
    "good-listener": {
      "version": "1.2.2",
      "resolved": "https://registry.npmjs.org/good-listener/-/good-listener-1.2.2.tgz",
      "integrity": "sha1-1TswzfkxPf+33JoNR3CWqm0UXFA=",
      "dev": true,
      "optional": true,
      "requires": {
        "delegate": "^3.1.2"
      }
    },
    "marked": {
      "version": "0.3.19",
      "resolved": "https://registry.npmjs.org/marked/-/marked-0.3.19.tgz",
      "integrity": "sha512-ea2eGWOqNxPcXv8dyERdSr/6FmzvWwzjMxpfGB/sbMccXoct+xY+YukPD+QTUZwyvK7BZwcr4m21WBOW41pAkg==",
      "dev": true
    },
    "prismjs": {
      "version": "1.14.0",
      "resolved": "https://registry.npmjs.org/prismjs/-/prismjs-1.14.0.tgz",
      "integrity": "sha512-sa2s4m60bXs+kU3jcuUwx3ZCrUH7o0kuqnOOINbODqlRrDB7KY8SRx+xR/D7nHLlgfDdG7zXbRO8wJ+su5Ls0A==",
      "dev": true,
      "requires": {
        "clipboard": "^2.0.0"
      }
    },
    "select": {
      "version": "1.1.2",
      "resolved": "https://registry.npmjs.org/select/-/select-1.1.2.tgz",
      "integrity": "sha1-DnNQrN7ICxEIUoeG7B1EGNEbOW0=",
      "dev": true,
      "optional": true
    },
    "tiny-emitter": {
      "version": "2.0.2",
      "resolved": "https://registry.npmjs.org/tiny-emitter/-/tiny-emitter-2.0.2.tgz",
      "integrity": "sha512-2NM0auVBGft5tee/OxP4PI3d8WItkDM+fPnaRAVo6xTDI2knbz9eC5ArWGqtGlYqiH3RU5yMpdyTTO7MguC4ow==",
      "dev": true,
      "optional": true
    }
  }
}
